// !$*UTF8*$!
{
	archiveVersion = 1;
	classes = {
	};
	objectVersion = 77;
	objects = {

/* Begin PBXBuildFile section */
		173B6E842EF03B6F008E4BE2 /* Then in Frameworks */ = {isa = PBXBuildFile; productRef = 173B6E832EF03B6F008E4BE2 /* Then */; };
		173B6E8A2EF03D69008E4BE2 /* KeychainAccess in Frameworks */ = {isa = PBXBuildFile; productRef = 173B6E892EF03D69008E4BE2 /* KeychainAccess */; };
		173B6E8D2EF03D99008E4BE2 /* RxCocoa in Frameworks */ = {isa = PBXBuildFile; productRef = 173B6E8C2EF03D99008E4BE2 /* RxCocoa */; };
		173B6E8F2EF03D99008E4BE2 /* RxSwift in Frameworks */ = {isa = PBXBuildFile; productRef = 173B6E8E2EF03D99008E4BE2 /* RxSwift */; };
		173B6E922EF03DBA008E4BE2 /* ReactorKit in Frameworks */ = {isa = PBXBuildFile; productRef = 173B6E912EF03DBA008E4BE2 /* ReactorKit */; };
		173B6E952EF03DDD008E4BE2 /* SnapKit in Frameworks */ = {isa = PBXBuildFile; productRef = 173B6E942EF03DDD008E4BE2 /* SnapKit */; };
		173B6E982EF03DFE008E4BE2 /* Kingfisher in Frameworks */ = {isa = PBXBuildFile; productRef = 173B6E972EF03DFE008E4BE2 /* Kingfisher */; };
		173B6E9B2EF03E5E008E4BE2 /* IQKeyboardManagerSwift in Frameworks */ = {isa = PBXBuildFile; productRef = 173B6E9A2EF03E5E008E4BE2 /* IQKeyboardManagerSwift */; };
		173B6E9E2EF03E83008E4BE2 /* TextFieldEffects in Frameworks */ = {isa = PBXBuildFile; productRef = 173B6E9D2EF03E83008E4BE2 /* TextFieldEffects */; };
		173B6EA12EF03EAB008E4BE2 /* Swinject in Frameworks */ = {isa = PBXBuildFile; productRef = 173B6EA02EF03EAB008E4BE2 /* Swinject */; };
		173B6EA42EF03F06008E4BE2 /* RealmSwift in Frameworks */ = {isa = PBXBuildFile; productRef = 173B6EA32EF03F06008E4BE2 /* RealmSwift */; };
		173B6EA72EF03FBE008E4BE2 /* Toast in Frameworks */ = {isa = PBXBuildFile; productRef = 173B6EA62EF03FBE008E4BE2 /* Toast */; };
		175C5E342EE974A900792322 /* FirebaseCore in Frameworks */ = {isa = PBXBuildFile; productRef = 175C5E332EE974A900792322 /* FirebaseCore */; };
		175C5E362EE974A900792322 /* FirebaseMessaging in Frameworks */ = {isa = PBXBuildFile; productRef = 175C5E352EE974A900792322 /* FirebaseMessaging */; };
		179E58FC2EF43D0500EE79C6 /* Alamofire in Frameworks */ = {isa = PBXBuildFile; productRef = 179E58FB2EF43D0500EE79C6 /* Alamofire */; };
/* End PBXBuildFile section */

/* Begin PBXFileReference section */
		175C5E192EE9731E00792322 /* lessons.app */ = {isa = PBXFileReference; explicitFileType = wrapper.application; includeInIndex = 0; path = lessons.app; sourceTree = BUILT_PRODUCTS_DIR; };
/* End PBXFileReference section */

/* Begin PBXFileSystemSynchronizedBuildFileExceptionSet section */
		175C5E2B2EE9731F00792322 /* Exceptions for "lessons" folder in "lessons" target */ = {
			isa = PBXFileSystemSynchronizedBuildFileExceptionSet;
			membershipExceptions = (
				Application/Info.plist,
			);
			target = 175C5E182EE9731E00792322 /* lessons */;
		};
/* End PBXFileSystemSynchronizedBuildFileExceptionSet section */

/* Begin PBXFileSystemSynchronizedRootGroup section */
		175C5E1B2EE9731E00792322 /* lessons */ = {
			isa = PBXFileSystemSynchronizedRootGroup;
			exceptions = (
				175C5E2B2EE9731F00792322 /* Exceptions for "lessons" folder in "lessons" target */,
			);
			path = lessons;
			sourceTree = "<group>";
		};
/* End PBXFileSystemSynchronizedRootGroup section */

/* Begin PBXFrameworksBuildPhase section */
		175C5E162EE9731E00792322 /* Frameworks */ = {
			isa = PBXFrameworksBuildPhase;
			buildActionMask = 2147483647;
			files = (
				179E58FC2EF43D0500EE79C6 /* Alamofire in Frameworks */,
				173B6E8D2EF03D99008E4BE2 /* RxCocoa in Frameworks */,
				175C5E362EE974A900792322 /* FirebaseMessaging in Frameworks */,
				173B6EA42EF03F06008E4BE2 /* RealmSwift in Frameworks */,
				173B6EA72EF03FBE008E4BE2 /* Toast in Frameworks */,
				173B6E922EF03DBA008E4BE2 /* ReactorKit in Frameworks */,
				173B6E842EF03B6F008E4BE2 /* Then in Frameworks */,
				173B6E982EF03DFE008E4BE2 /* Kingfisher in Frameworks */,
				175C5E342EE974A900792322 /* FirebaseCore in Frameworks */,
				173B6E952EF03DDD008E4BE2 /* SnapKit in Frameworks */,
				173B6E8A2EF03D69008E4BE2 /* KeychainAccess in Frameworks */,
				173B6E9E2EF03E83008E4BE2 /* TextFieldEffects in Frameworks */,
				173B6E9B2EF03E5E008E4BE2 /* IQKeyboardManagerSwift in Frameworks */,
				173B6E8F2EF03D99008E4BE2 /* RxSwift in Frameworks */,
				173B6EA12EF03EAB008E4BE2 /* Swinject in Frameworks */,
			);
			runOnlyForDeploymentPostprocessing = 0;
		};
/* End PBXFrameworksBuildPhase section */

/* Begin PBXGroup section */
		175C5E102EE9731E00792322 = {
			isa = PBXGroup;
			children = (
				175C5E1B2EE9731E00792322 /* lessons */,
				175C5E1A2EE9731E00792322 /* Products */,
			);
			sourceTree = "<group>";
		};
		175C5E1A2EE9731E00792322 /* Products */ = {
			isa = PBXGroup;
			children = (
				175C5E192EE9731E00792322 /* lessons.app */,
			);
			name = Products;
			sourceTree = "<group>";
		};
/* End PBXGroup section */

/* Begin PBXNativeTarget section */
		175C5E182EE9731E00792322 /* lessons */ = {
			isa = PBXNativeTarget;
			buildConfigurationList = 175C5E2C2EE9731F00792322 /* Build configuration list for PBXNativeTarget "lessons" */;
			buildPhases = (
				175C5E152EE9731E00792322 /* Sources */,
				175C5E162EE9731E00792322 /* Frameworks */,
				175C5E172EE9731E00792322 /* Resources */,
			);
			buildRules = (
			);
			dependencies = (
			);
			fileSystemSynchronizedGroups = (
				175C5E1B2EE9731E00792322 /* lessons */,
			);
			name = lessons;
			packageProductDependencies = (
				175C5E332EE974A900792322 /* FirebaseCore */,
				175C5E352EE974A900792322 /* FirebaseMessaging */,
				173B6E832EF03B6F008E4BE2 /* Then */,
				173B6E892EF03D69008E4BE2 /* KeychainAccess */,
				173B6E8C2EF03D99008E4BE2 /* RxCocoa */,
				173B6E8E2EF03D99008E4BE2 /* RxSwift */,
				173B6E912EF03DBA008E4BE2 /* ReactorKit */,
				173B6E942EF03DDD008E4BE2 /* SnapKit */,
				173B6E972EF03DFE008E4BE2 /* Kingfisher */,
				173B6E9A2EF03E5E008E4BE2 /* IQKeyboardManagerSwift */,
				173B6E9D2EF03E83008E4BE2 /* TextFieldEffects */,
				173B6EA02EF03EAB008E4BE2 /* Swinject */,
				173B6EA32EF03F06008E4BE2 /* RealmSwift */,
				173B6EA62EF03FBE008E4BE2 /* Toast */,
				179E58FB2EF43D0500EE79C6 /* Alamofire */,
			);
			productName = lessons;
			productReference = 175C5E192EE9731E00792322 /* lessons.app */;
			productType = "com.apple.product-type.application";
		};
/* End PBXNativeTarget section */

/* Begin PBXProject section */
		175C5E112EE9731E00792322 /* Project object */ = {
			isa = PBXProject;
			attributes = {
				BuildIndependentTargetsInParallel = 1;
				LastSwiftUpdateCheck = 2600;
				LastUpgradeCheck = 2600;
				TargetAttributes = {
					175C5E182EE9731E00792322 = {
						CreatedOnToolsVersion = 26.0.1;
					};
				};
			};
			buildConfigurationList = 175C5E142EE9731E00792322 /* Build configuration list for PBXProject "lessons" */;
			developmentRegion = en;
			hasScannedForEncodings = 0;
			knownRegions = (
				en,
				Base,
			);
			mainGroup = 175C5E102EE9731E00792322;
			minimizedProjectReferenceProxies = 1;
			packageReferences = (
				175C5E322EE974A900792322 /* XCRemoteSwiftPackageReference "firebase-ios-sdk" */,
				173B6E822EF03B6F008E4BE2 /* XCRemoteSwiftPackageReference "Then" */,
				173B6E882EF03D69008E4BE2 /* XCRemoteSwiftPackageReference "KeychainAccess" */,
				173B6E8B2EF03D99008E4BE2 /* XCRemoteSwiftPackageReference "RxSwift" */,
				173B6E902EF03DBA008E4BE2 /* XCRemoteSwiftPackageReference "ReactorKit" */,
				173B6E932EF03DDD008E4BE2 /* XCRemoteSwiftPackageReference "SnapKit" */,
				173B6E962EF03DFE008E4BE2 /* XCRemoteSwiftPackageReference "Kingfisher" */,
				173B6E992EF03E5E008E4BE2 /* XCRemoteSwiftPackageReference "IQKeyboardManager" */,
				173B6E9C2EF03E83008E4BE2 /* XCRemoteSwiftPackageReference "TextFieldEffects" */,
				173B6E9F2EF03EAB008E4BE2 /* XCRemoteSwiftPackageReference "Swinject" */,
				173B6EA22EF03F06008E4BE2 /* XCRemoteSwiftPackageReference "realm-swift" */,
				173B6EA52EF03FBE008E4BE2 /* XCRemoteSwiftPackageReference "Toast-Swift" */,
				179E58FA2EF43D0500EE79C6 /* XCRemoteSwiftPackageReference "Alamofire" */,
			);
			preferredProjectObjectVersion = 77;
			productRefGroup = 175C5E1A2EE9731E00792322 /* Products */;
			projectDirPath = "";
			projectRoot = "";
			targets = (
				175C5E182EE9731E00792322 /* lessons */,
			);
		};
/* End PBXProject section */

/* Begin PBXResourcesBuildPhase section */
		175C5E172EE9731E00792322 /* Resources */ = {
			isa = PBXResourcesBuildPhase;
			buildActionMask = 2147483647;
			files = (
			);
			runOnlyForDeploymentPostprocessing = 0;
		};
/* End PBXResourcesBuildPhase section */

/* Begin PBXSourcesBuildPhase section */
		175C5E152EE9731E00792322 /* Sources */ = {
			isa = PBXSourcesBuildPhase;
			buildActionMask = 2147483647;
			files = (
			);
			runOnlyForDeploymentPostprocessing = 0;
		};
/* End PBXSourcesBuildPhase section */

/* Begin XCBuildConfiguration section */
		175C5E2D2EE9731F00792322 /* Debug */ = {
			isa = XCBuildConfiguration;
			buildSettings = {
				ASSETCATALOG_COMPILER_APPICON_NAME = AppIcon;
				ASSETCATALOG_COMPILER_GLOBAL_ACCENT_COLOR_NAME = AccentColor;
				CODE_SIGN_ENTITLEMENTS = lessons/Application/lessons.entitlements;
				CODE_SIGN_STYLE = Automatic;
				CURRENT_PROJECT_VERSION = 1;
				DEVELOPMENT_TEAM = K9Z452TQ46;
				GENERATE_INFOPLIST_FILE = YES;
				INFOPLIST_FILE = lessons/Application/Info.plist;
				INFOPLIST_KEY_UIApplicationSupportsIndirectInputEvents = YES;
				INFOPLIST_KEY_UILaunchStoryboardName = LaunchScreen;
				INFOPLIST_KEY_UISupportedInterfaceOrientations = UIInterfaceOrientationPortrait;
				INFOPLIST_KEY_UISupportedInterfaceOrientations_iPad = UIInterfaceOrientationPortrait;
				IPHONEOS_DEPLOYMENT_TARGET = 16.0;
				LD_RUNPATH_SEARCH_PATHS = (
					"$(inherited)",
					"@executable_path/Frameworks",
				);
				MARKETING_VERSION = 1.0.0;
				PRODUCT_BUNDLE_IDENTIFIER = com.watson.lessons;
				PRODUCT_NAME = "$(TARGET_NAME)";
				STRING_CATALOG_GENERATE_SYMBOLS = YES;
				SUPPORTED_PLATFORMS = "iphoneos iphonesimulator";
				SUPPORTS_MACCATALYST = NO;
				SUPPORTS_MAC_DESIGNED_FOR_IPHONE_IPAD = NO;
				SUPPORTS_XR_DESIGNED_FOR_IPHONE_IPAD = NO;
				SWIFT_APPROACHABLE_CONCURRENCY = YES;
				SWIFT_DEFAULT_ACTOR_ISOLATION = nonisolated;
				SWIFT_EMIT_LOC_STRINGS = YES;
				SWIFT_UPCOMING_FEATURE_MEMBER_IMPORT_VISIBILITY = YES;
				SWIFT_VERSION = 5.0;
				TARGETED_DEVICE_FAMILY = 1;
			};
			name = Debug;
		};
		175C5E2E2EE9731F00792322 /* Release */ = {
			isa = XCBuildConfiguration;
			buildSettings = {
				ASSETCATALOG_COMPILER_APPICON_NAME = AppIcon;
				ASSETCATALOG_COMPILER_GLOBAL_ACCENT_COLOR_NAME = AccentColor;
				CODE_SIGN_ENTITLEMENTS = lessons/Application/lessons.entitlements;
				CODE_SIGN_STYLE = Automatic;
				CURRENT_PROJECT_VERSION = 1;
				DEVELOPMENT_TEAM = K9Z452TQ46;
				GENERATE_INFOPLIST_FILE = YES;
				INFOPLIST_FILE = lessons/Application/Info.plist;
				INFOPLIST_KEY_UIApplicationSupportsIndirectInputEvents = YES;
				INFOPLIST_KEY_UILaunchStoryboardName = LaunchScreen;
				INFOPLIST_KEY_UISupportedInterfaceOrientations = UIInterfaceOrientationPortrait;
				INFOPLIST_KEY_UISupportedInterfaceOrientations_iPad = UIInterfaceOrientationPortrait;
				IPHONEOS_DEPLOYMENT_TARGET = 16.0;
				LD_RUNPATH_SEARCH_PATHS = (
					"$(inherited)",
					"@executable_path/Frameworks",
				);
				MARKETING_VERSION = 1.0.0;
				PRODUCT_BUNDLE_IDENTIFIER = com.watson.lessons;
				PRODUCT_NAME = "$(TARGET_NAME)";
				STRING_CATALOG_GENERATE_SYMBOLS = YES;
				SUPPORTED_PLATFORMS = "iphoneos iphonesimulator";
				SUPPORTS_MACCATALYST = NO;
				SUPPORTS_MAC_DESIGNED_FOR_IPHONE_IPAD = NO;
				SUPPORTS_XR_DESIGNED_FOR_IPHONE_IPAD = NO;
				SWIFT_APPROACHABLE_CONCURRENCY = YES;
				SWIFT_DEFAULT_ACTOR_ISOLATION = nonisolated;
				SWIFT_EMIT_LOC_STRINGS = YES;
				SWIFT_UPCOMING_FEATURE_MEMBER_IMPORT_VISIBILITY = YES;
				SWIFT_VERSION = 5.0;
				TARGETED_DEVICE_FAMILY = 1;
			};
			name = Release;
		};
		175C5E2F2EE9731F00792322 /* Debug */ = {
			isa = XCBuildConfiguration;
			buildSettings = {
				ALWAYS_SEARCH_USER_PATHS = NO;
				ASSETCATALOG_COMPILER_GENERATE_SWIFT_ASSET_SYMBOL_EXTENSIONS = YES;
				CLANG_ANALYZER_NONNULL = YES;
				CLANG_ANALYZER_NUMBER_OBJECT_CONVERSION = YES_AGGRESSIVE;
				CLANG_CXX_LANGUAGE_STANDARD = "gnu++20";
				CLANG_ENABLE_MODULES = YES;
				CLANG_ENABLE_OBJC_ARC = YES;
				CLANG_ENABLE_OBJC_WEAK = YES;
				CLANG_WARN_BLOCK_CAPTURE_AUTORELEASING = YES;
				CLANG_WARN_BOOL_CONVERSION = YES;
				CLANG_WARN_COMMA = YES;
				CLANG_WARN_CONSTANT_CONVERSION = YES;
				CLANG_WARN_DEPRECATED_OBJC_IMPLEMENTATIONS = YES;
				CLANG_WARN_DIRECT_OBJC_ISA_USAGE = YES_ERROR;
				CLANG_WARN_DOCUMENTATION_COMMENTS = YES;
				CLANG_WARN_EMPTY_BODY = YES;
				CLANG_WARN_ENUM_CONVERSION = YES;
				CLANG_WARN_INFINITE_RECURSION = YES;
				CLANG_WARN_INT_CONVERSION = YES;
				CLANG_WARN_NON_LITERAL_NULL_CONVERSION = YES;
				CLANG_WARN_OBJC_IMPLICIT_RETAIN_SELF = YES;
				CLANG_WARN_OBJC_LITERAL_CONVERSION = YES;
				CLANG_WARN_OBJC_ROOT_CLASS = YES_ERROR;
				CLANG_WARN_QUOTED_INCLUDE_IN_FRAMEWORK_HEADER = YES;
				CLANG_WARN_RANGE_LOOP_ANALYSIS = YES;
				CLANG_WARN_STRICT_PROTOTYPES = YES;
				CLANG_WARN_SUSPICIOUS_MOVE = YES;
				CLANG_WARN_UNGUARDED_AVAILABILITY = YES_AGGRESSIVE;
				CLANG_WARN_UNREACHABLE_CODE = YES;
				CLANG_WARN__DUPLICATE_METHOD_MATCH = YES;
				COPY_PHASE_STRIP = NO;
				DEBUG_INFORMATION_FORMAT = dwarf;
				DEVELOPMENT_TEAM = K9Z452TQ46;
				ENABLE_STRICT_OBJC_MSGSEND = YES;
				ENABLE_TESTABILITY = YES;
				ENABLE_USER_SCRIPT_SANDBOXING = YES;
				GCC_C_LANGUAGE_STANDARD = gnu17;
				GCC_DYNAMIC_NO_PIC = NO;
				GCC_NO_COMMON_BLOCKS = YES;
				GCC_OPTIMIZATION_LEVEL = 0;
				GCC_PREPROCESSOR_DEFINITIONS = (
					"DEBUG=1",
					"$(inherited)",
				);
				GCC_WARN_64_TO_32_BIT_CONVERSION = YES;
				GCC_WARN_ABOUT_RETURN_TYPE = YES_ERROR;
				GCC_WARN_UNDECLARED_SELECTOR = YES;
				GCC_WARN_UNINITIALIZED_AUTOS = YES_AGGRESSIVE;
				GCC_WARN_UNUSED_FUNCTION = YES;
				GCC_WARN_UNUSED_VARIABLE = YES;
				IPHONEOS_DEPLOYMENT_TARGET = 26.0;
				LOCALIZATION_PREFERS_STRING_CATALOGS = YES;
				MTL_ENABLE_DEBUG_INFO = INCLUDE_SOURCE;
				MTL_FAST_MATH = YES;
				ONLY_ACTIVE_ARCH = YES;
				SDKROOT = iphoneos;
				SWIFT_ACTIVE_COMPILATION_CONDITIONS = "DEBUG $(inherited)";
				SWIFT_OPTIMIZATION_LEVEL = "-Onone";
			};
			name = Debug;
		};
		175C5E302EE9731F00792322 /* Release */ = {
			isa = XCBuildConfiguration;
			buildSettings = {
				ALWAYS_SEARCH_USER_PATHS = NO;
				ASSETCATALOG_COMPILER_GENERATE_SWIFT_ASSET_SYMBOL_EXTENSIONS = YES;
				CLANG_ANALYZER_NONNULL = YES;
				CLANG_ANALYZER_NUMBER_OBJECT_CONVERSION = YES_AGGRESSIVE;
				CLANG_CXX_LANGUAGE_STANDARD = "gnu++20";
				CLANG_ENABLE_MODULES = YES;
				CLANG_ENABLE_OBJC_ARC = YES;
				CLANG_ENABLE_OBJC_WEAK = YES;
				CLANG_WARN_BLOCK_CAPTURE_AUTORELEASING = YES;
				CLANG_WARN_BOOL_CONVERSION = YES;
				CLANG_WARN_COMMA = YES;
				CLANG_WARN_CONSTANT_CONVERSION = YES;
				CLANG_WARN_DEPRECATED_OBJC_IMPLEMENTATIONS = YES;
				CLANG_WARN_DIRECT_OBJC_ISA_USAGE = YES_ERROR;
				CLANG_WARN_DOCUMENTATION_COMMENTS = YES;
				CLANG_WARN_EMPTY_BODY = YES;
				CLANG_WARN_ENUM_CONVERSION = YES;
				CLANG_WARN_INFINITE_RECURSION = YES;
				CLANG_WARN_INT_CONVERSION = YES;
				CLANG_WARN_NON_LITERAL_NULL_CONVERSION = YES;
				CLANG_WARN_OBJC_IMPLICIT_RETAIN_SELF = YES;
				CLANG_WARN_OBJC_LITERAL_CONVERSION = YES;
				CLANG_WARN_OBJC_ROOT_CLASS = YES_ERROR;
				CLANG_WARN_QUOTED_INCLUDE_IN_FRAMEWORK_HEADER = YES;
				CLANG_WARN_RANGE_LOOP_ANALYSIS = YES;
				CLANG_WARN_STRICT_PROTOTYPES = YES;
				CLANG_WARN_SUSPICIOUS_MOVE = YES;
				CLANG_WARN_UNGUARDED_AVAILABILITY = YES_AGGRESSIVE;
				CLANG_WARN_UNREACHABLE_CODE = YES;
				CLANG_WARN__DUPLICATE_METHOD_MATCH = YES;
				COPY_PHASE_STRIP = NO;
				DEBUG_INFORMATION_FORMAT = "dwarf-with-dsym";
				DEVELOPMENT_TEAM = K9Z452TQ46;
				ENABLE_NS_ASSERTIONS = NO;
				ENABLE_STRICT_OBJC_MSGSEND = YES;
				ENABLE_USER_SCRIPT_SANDBOXING = YES;
				GCC_C_LANGUAGE_STANDARD = gnu17;
				GCC_NO_COMMON_BLOCKS = YES;
				GCC_WARN_64_TO_32_BIT_CONVERSION = YES;
				GCC_WARN_ABOUT_RETURN_TYPE = YES_ERROR;
				GCC_WARN_UNDECLARED_SELECTOR = YES;
				GCC_WARN_UNINITIALIZED_AUTOS = YES_AGGRESSIVE;
				GCC_WARN_UNUSED_FUNCTION = YES;
				GCC_WARN_UNUSED_VARIABLE = YES;
				IPHONEOS_DEPLOYMENT_TARGET = 26.0;
				LOCALIZATION_PREFERS_STRING_CATALOGS = YES;
				MTL_ENABLE_DEBUG_INFO = NO;
				MTL_FAST_MATH = YES;
				SDKROOT = iphoneos;
				SWIFT_COMPILATION_MODE = wholemodule;
				VALIDATE_PRODUCT = YES;
			};
			name = Release;
		};
/* End XCBuildConfiguration section */

/* Begin XCConfigurationList section */
		175C5E142EE9731E00792322 /* Build configuration list for PBXProject "lessons" */ = {
			isa = XCConfigurationList;
			buildConfigurations = (
				175C5E2F2EE9731F00792322 /* Debug */,
				175C5E302EE9731F00792322 /* Release */,
			);
			defaultConfigurationIsVisible = 0;
			defaultConfigurationName = Release;
		};
		175C5E2C2EE9731F00792322 /* Build configuration list for PBXNativeTarget "lessons" */ = {
			isa = XCConfigurationList;
			buildConfigurations = (
				175C5E2D2EE9731F00792322 /* Debug */,
				175C5E2E2EE9731F00792322 /* Release */,
			);
			defaultConfigurationIsVisible = 0;
			defaultConfigurationName = Release;
		};
/* End XCConfigurationList section */

/* Begin XCRemoteSwiftPackageReference section */
		173B6E822EF03B6F008E4BE2 /* XCRemoteSwiftPackageReference "Then" */ = {
			isa = XCRemoteSwiftPackageReference;
			repositoryURL = "https://github.com/devxoul/Then.git";
			requirement = {
				kind = upToNextMajorVersion;
				minimumVersion = 3.0.0;
			};
		};
		173B6E882EF03D69008E4BE2 /* XCRemoteSwiftPackageReference "KeychainAccess" */ = {
			isa = XCRemoteSwiftPackageReference;
			repositoryURL = "https://github.com/kishikawakatsumi/KeychainAccess.git";
			requirement = {
				kind = exactVersion;
				version = 4.2.2;
			};
		};
		173B6E8B2EF03D99008E4BE2 /* XCRemoteSwiftPackageReference "RxSwift" */ = {
			isa = XCRemoteSwiftPackageReference;
			repositoryURL = "https://github.com/ReactiveX/RxSwift";
			requirement = {
				kind = upToNextMajorVersion;
				minimumVersion = 6.9.1;
			};
		};
		173B6E902EF03DBA008E4BE2 /* XCRemoteSwiftPackageReference "ReactorKit" */ = {
			isa = XCRemoteSwiftPackageReference;
			repositoryURL = "https://github.com/ReactorKit/ReactorKit.git";
			requirement = {
				kind = upToNextMajorVersion;
				minimumVersion = 3.2.0;
			};
		};
		173B6E932EF03DDD008E4BE2 /* XCRemoteSwiftPackageReference "SnapKit" */ = {
			isa = XCRemoteSwiftPackageReference;
			repositoryURL = "https://github.com/SnapKit/SnapKit.git";
			requirement = {
				kind = upToNextMajorVersion;
				minimumVersion = 5.7.1;
			};
		};
		173B6E962EF03DFE008E4BE2 /* XCRemoteSwiftPackageReference "Kingfisher" */ = {
			isa = XCRemoteSwiftPackageReference;
			repositoryURL = "https://github.com/onevcat/Kingfisher";
			requirement = {
				kind = upToNextMajorVersion;
				minimumVersion = 8.6.2;
			};
		};
		173B6E992EF03E5E008E4BE2 /* XCRemoteSwiftPackageReference "IQKeyboardManager" */ = {
			isa = XCRemoteSwiftPackageReference;
			repositoryURL = "https://github.com/hackiftekhar/IQKeyboardManager";
			requirement = {
				kind = upToNextMajorVersion;
				minimumVersion = 8.0.1;
			};
		};
		173B6E9C2EF03E83008E4BE2 /* XCRemoteSwiftPackageReference "TextFieldEffects" */ = {
			isa = XCRemoteSwiftPackageReference;
			repositoryURL = "https://github.com/raulriera/TextFieldEffects";
			requirement = {
				kind = upToNextMajorVersion;
				minimumVersion = 1.7.0;
			};
		};
		173B6E9F2EF03EAB008E4BE2 /* XCRemoteSwiftPackageReference "Swinject" */ = {
			isa = XCRemoteSwiftPackageReference;
			repositoryURL = "https://github.com/Swinject/Swinject";
			requirement = {
				kind = upToNextMajorVersion;
				minimumVersion = 2.10.0;
			};
		};
		173B6EA22EF03F06008E4BE2 /* XCRemoteSwiftPackageReference "realm-swift" */ = {
			isa = XCRemoteSwiftPackageReference;
			repositoryURL = "https://github.com/realm/realm-swift.git";
			requirement = {
				kind = exactVersion;
				version = 20.0.3;
			};
		};
		173B6EA52EF03FBE008E4BE2 /* XCRemoteSwiftPackageReference "Toast-Swift" */ = {
			isa = XCRemoteSwiftPackageReference;
			repositoryURL = "https://github.com/scalessec/Toast-Swift";
			requirement = {
				kind = upToNextMajorVersion;
				minimumVersion = 5.1.1;
			};
		};
		175C5E322EE974A900792322 /* XCRemoteSwiftPackageReference "firebase-ios-sdk" */ = {
			isa = XCRemoteSwiftPackageReference;
			repositoryURL = "https://github.com/firebase/firebase-ios-sdk";
			requirement = {
				kind = upToNextMajorVersion;
				minimumVersion = 12.6.0;
			};
		};
		179E58FA2EF43D0500EE79C6 /* XCRemoteSwiftPackageReference "Alamofire" */ = {
			isa = XCRemoteSwiftPackageReference;
			repositoryURL = "https://github.com/Alamofire/Alamofire";
			requirement = {
				kind = upToNextMajorVersion;
				minimumVersion = 5.10.2;
			};
		};
/* End XCRemoteSwiftPackageReference section */

/* Begin XCSwiftPackageProductDependency section */
		173B6E832EF03B6F008E4BE2 /* Then */ = {
			isa = XCSwiftPackageProductDependency;
			package = 173B6E822EF03B6F008E4BE2 /* XCRemoteSwiftPackageReference "Then" */;
			productName = Then;
		};
		173B6E892EF03D69008E4BE2 /* KeychainAccess */ = {
			isa = XCSwiftPackageProductDependency;
			package = 173B6E882EF03D69008E4BE2 /* XCRemoteSwiftPackageReference "KeychainAccess" */;
			productName = KeychainAccess;
		};
		173B6E8C2EF03D99008E4BE2 /* RxCocoa */ = {
			isa = XCSwiftPackageProductDependency;
			package = 173B6E8B2EF03D99008E4BE2 /* XCRemoteSwiftPackageReference "RxSwift" */;
			productName = RxCocoa;
		};
		173B6E8E2EF03D99008E4BE2 /* RxSwift */ = {
			isa = XCSwiftPackageProductDependency;
			package = 173B6E8B2EF03D99008E4BE2 /* XCRemoteSwiftPackageReference "RxSwift" */;
			productName = RxSwift;
		};
		173B6E912EF03DBA008E4BE2 /* ReactorKit */ = {
			isa = XCSwiftPackageProductDependency;
			package = 173B6E902EF03DBA008E4BE2 /* XCRemoteSwiftPackageReference "ReactorKit" */;
			productName = ReactorKit;
		};
		173B6E942EF03DDD008E4BE2 /* SnapKit */ = {
			isa = XCSwiftPackageProductDependency;
			package = 173B6E932EF03DDD008E4BE2 /* XCRemoteSwiftPackageReference "SnapKit" */;
			productName = SnapKit;
		};
		173B6E972EF03DFE008E4BE2 /* Kingfisher */ = {
			isa = XCSwiftPackageProductDependency;
			package = 173B6E962EF03DFE008E4BE2 /* XCRemoteSwiftPackageReference "Kingfisher" */;
			productName = Kingfisher;
		};
		173B6E9A2EF03E5E008E4BE2 /* IQKeyboardManagerSwift */ = {
			isa = XCSwiftPackageProductDependency;
			package = 173B6E992EF03E5E008E4BE2 /* XCRemoteSwiftPackageReference "IQKeyboardManager" */;
			productName = IQKeyboardManagerSwift;
		};
		173B6E9D2EF03E83008E4BE2 /* TextFieldEffects */ = {
			isa = XCSwiftPackageProductDependency;
			package = 173B6E9C2EF03E83008E4BE2 /* XCRemoteSwiftPackageReference "TextFieldEffects" */;
			productName = TextFieldEffects;
		};
		173B6EA02EF03EAB008E4BE2 /* Swinject */ = {
			isa = XCSwiftPackageProductDependency;
			package = 173B6E9F2EF03EAB008E4BE2 /* XCRemoteSwiftPackageReference "Swinject" */;
			productName = Swinject;
		};
		173B6EA32EF03F06008E4BE2 /* RealmSwift */ = {
			isa = XCSwiftPackageProductDependency;
			package = 173B6EA22EF03F06008E4BE2 /* XCRemoteSwiftPackageReference "realm-swift" */;
			productName = RealmSwift;
		};
		173B6EA62EF03FBE008E4BE2 /* Toast */ = {
			isa = XCSwiftPackageProductDependency;
			package = 173B6EA52EF03FBE008E4BE2 /* XCRemoteSwiftPackageReference "Toast-Swift" */;
			productName = Toast;
		};
		175C5E332EE974A900792322 /* FirebaseCore */ = {
			isa = XCSwiftPackageProductDependency;
			package = 175C5E322EE974A900792322 /* XCRemoteSwiftPackageReference "firebase-ios-sdk" */;
			productName = FirebaseCore;
		};
		175C5E352EE974A900792322 /* FirebaseMessaging */ = {
			isa = XCSwiftPackageProductDependency;
			package = 175C5E322EE974A900792322 /* XCRemoteSwiftPackageReference "firebase-ios-sdk" */;
			productName = FirebaseMessaging;
		};
		179E58FB2EF43D0500EE79C6 /* Alamofire */ = {
			isa = XCSwiftPackageProductDependency;
			package = 179E58FA2EF43D0500EE79C6 /* XCRemoteSwiftPackageReference "Alamofire" */;
			productName = Alamofire;
		};
/* End XCSwiftPackageProductDependency section */
	};
	rootObject = 175C5E112EE9731E00792322 /* Project object */;
}
